
Microsoft Visual Studio Solution File, Format Version 12.00
# Visual Studio 14
VisualStudioVersion = 14.0.24720.0
MinimumVisualStudioVersion = 10.0.40219.1
Project("{FAE04EC0-301F-11D3-BF4B-00C04F79EFBC}") = "wou", "wou\wou.csproj", "{5CA08D46-7C48-4623-904F-E5A72D97FD4E}"
EndProject
Global
	GlobalSection(SolutionConfigurationPlatforms) = preSolution
		Debug|Any CPU = Debug|Any CPU
		Release|Any CPU = Release|Any CPU
	EndGlobalSection
	GlobalSection(ProjectConfigurationPlatforms) = postSolution
		{5CA08D46-7C48-4623-904F-E5A72D97FD4E}.Debug|Any CPU.ActiveCfg = Debug|Any CPU
		{5CA08D46-7C48-4623-904F-E5A72D97FD4E}.Debug|Any CPU.Build.0 = Debug|Any CPU
		{5CA08D46-7C48-4623-904F-E5A72D97FD4E}.Release|Any CPU.ActiveCfg = Release|Any CPU
		{5CA08D46-7C48-4623-904F-E5A72D97FD4E}.Release|Any CPU.Build.0 = Release|Any CPU
	EndGlobalSection
	GlobalSection(SolutionProperties) = preSolution
		HideSolutionNode = FALSE
	EndGlobalSection
EndGlobal
